PODS:
  - Ads-CN (4.0.0.5):
    - Ads-CN/BUAdSDK (= 4.0.0.5)
  - Ads-CN/BUAdSDK (4.0.0.5):
    - Ads-CN/BUFoundation
    - Ads-CN/Domestic
  - Ads-CN/BUFoundation (4.0.0.5)
  - Ads-CN/Domestic (4.0.0.5)
  - BaiduMobAdSDK (4.83)
  - EasyAdsSDK (3.2.5.5):
    - EasyAdsSDK/Core (= 3.2.5.5)
  - EasyAdsSDK/Adspot (3.2.5.5):
    - EasyAdsSDK/Core
  - EasyAdsSDK/BD (3.2.5.5):
    - BaiduMobAdSDK
    - EasyAdsSDK/Adspot
    - EasyAdsSDK/Core
  - EasyAdsSDK/Core (3.2.5.5)
  - EasyAdsSDK/CSJ (3.2.5.5):
    - Ads-CN
    - EasyAdsSDK/Adspot
    - EasyAdsSDK/Core
  - EasyAdsSDK/GDT (3.2.5.5):
    - EasyAdsSDK/Adspot
    - EasyAdsSDK/Core
    - GDTMobSDK
  - EasyAdsSDK/KS (3.2.5.5):
    - EasyAdsSDK/Adspot
    - EasyAdsSDK/Core
    - KSAdSDK
  - GDTMobSDK (4.13.22):
    - GDTMobSDK/GDTMobSDK (= 4.13.22)
  - GDTMobSDK/GDTMobSDK (4.13.22)
  - KSAdSDK (3.3.16)
  - Masonry (1.1.0)

DEPENDENCIES:
  - EasyAdsSDK (from `../`)
  - EasyAdsSDK/BD (from `../`)
  - EasyAdsSDK/CSJ (from `../`)
  - EasyAdsSDK/GDT (from `../`)
  - EasyAdsSDK/KS (from `../`)
  - Masonry

SPEC REPOS:
  https://github.com/CocoaPods/Specs.git:
    - Ads-CN
    - BaiduMobAdSDK
    - GDTMobSDK
    - KSAdSDK
    - Masonry

EXTERNAL SOURCES:
  EasyAdsSDK:
    :path: "../"

SPEC CHECKSUMS:
  Ads-CN: 85c20c8e557b01f30bd0e1cb68244b90b061a8d5
  BaiduMobAdSDK: d3006333637dacac0ef9808655a686e18019f033
  EasyAdsSDK: f63bfa83fce8672d7706816ae127f103d1b3669f
  GDTMobSDK: 3d36a2c7c606b1e5255442fcd609b09f322ca016
  KSAdSDK: 21a9cac9f2b9d81dc38eca078950d006775e83ff
  Masonry: 678fab65091a9290e40e2832a55e7ab731aad201

PODFILE CHECKSUM: 96f7ac967f50c1077af770e58fb671f86df513d8

COCOAPODS: 1.11.2
